
Microsoft Visual Studio Solution File, Format Version 12.00
# Visual Studio 2013
VisualStudioVersion = 12.0.31101.0
MinimumVisualStudioVersion = 10.0.40219.1
Project("{FAE04EC0-301F-11D3-BF4B-00C04F79EFBC}") = "Tinder4Jobs.Web", "Pilot1\Tinder4Jobs.Web.csproj", "{5277A552-48D8-4B64-A459-61ACFC44F3C5}"
EndProject
Project("{FAE04EC0-301F-11D3-BF4B-00C04F79EFBC}") = "Tinder4Jobs.Model", "Tinder4Jobs.Domain\Tinder4Jobs.Model.csproj", "{15347E4C-6D60-440B-A0EE-FDF39BA2C94A}"
EndProject
Project("{FAE04EC0-301F-11D3-BF4B-00C04F79EFBC}") = "Tinder4Jobs.Data", "Tinder4Jobs.Data\Tinder4Jobs.Data.csproj", "{D902656F-1AB3-4AEB-90AE-5B5E7445B1C4}"
EndProject
Project("{FAE04EC0-301F-11D3-BF4B-00C04F79EFBC}") = "Tinder4Jobs.Services", "Tinder4Jobs.Services\Tinder4Jobs.Services.csproj", "{6C639D24-CCFE-4692-89C3-65E1395EEB2F}"
EndProject
Project("{FAE04EC0-301F-11D3-BF4B-00C04F79EFBC}") = "Tinder4Jobs.Infrastructure", "Tinder4Jobs.InfraStructure\Tinder4Jobs.Infrastructure.csproj", "{713D319F-F694-4389-9452-752CCD88B9E3}"
EndProject
Global
	GlobalSection(SolutionConfigurationPlatforms) = preSolution
		Debug|Any CPU = Debug|Any CPU
		Release|Any CPU = Release|Any CPU
	EndGlobalSection
	GlobalSection(ProjectConfigurationPlatforms) = postSolution
		{5277A552-48D8-4B64-A459-61ACFC44F3C5}.Debug|Any CPU.ActiveCfg = Debug|Any CPU
		{5277A552-48D8-4B64-A459-61ACFC44F3C5}.Debug|Any CPU.Build.0 = Debug|Any CPU
		{5277A552-48D8-4B64-A459-61ACFC44F3C5}.Release|Any CPU.ActiveCfg = Release|Any CPU
		{5277A552-48D8-4B64-A459-61ACFC44F3C5}.Release|Any CPU.Build.0 = Release|Any CPU
		{15347E4C-6D60-440B-A0EE-FDF39BA2C94A}.Debug|Any CPU.ActiveCfg = Debug|Any CPU
		{15347E4C-6D60-440B-A0EE-FDF39BA2C94A}.Debug|Any CPU.Build.0 = Debug|Any CPU
		{15347E4C-6D60-440B-A0EE-FDF39BA2C94A}.Release|Any CPU.ActiveCfg = Release|Any CPU
		{15347E4C-6D60-440B-A0EE-FDF39BA2C94A}.Release|Any CPU.Build.0 = Release|Any CPU
		{D902656F-1AB3-4AEB-90AE-5B5E7445B1C4}.Debug|Any CPU.ActiveCfg = Debug|Any CPU
		{D902656F-1AB3-4AEB-90AE-5B5E7445B1C4}.Debug|Any CPU.Build.0 = Debug|Any CPU
		{D902656F-1AB3-4AEB-90AE-5B5E7445B1C4}.Release|Any CPU.ActiveCfg = Release|Any CPU
		{D902656F-1AB3-4AEB-90AE-5B5E7445B1C4}.Release|Any CPU.Build.0 = Release|Any CPU
		{6C639D24-CCFE-4692-89C3-65E1395EEB2F}.Debug|Any CPU.ActiveCfg = Debug|Any CPU
		{6C639D24-CCFE-4692-89C3-65E1395EEB2F}.Debug|Any CPU.Build.0 = Debug|Any CPU
		{6C639D24-CCFE-4692-89C3-65E1395EEB2F}.Release|Any CPU.ActiveCfg = Release|Any CPU
		{6C639D24-CCFE-4692-89C3-65E1395EEB2F}.Release|Any CPU.Build.0 = Release|Any CPU
		{713D319F-F694-4389-9452-752CCD88B9E3}.Debug|Any CPU.ActiveCfg = Debug|Any CPU
		{713D319F-F694-4389-9452-752CCD88B9E3}.Debug|Any CPU.Build.0 = Debug|Any CPU
		{713D319F-F694-4389-9452-752CCD88B9E3}.Release|Any CPU.ActiveCfg = Release|Any CPU
		{713D319F-F694-4389-9452-752CCD88B9E3}.Release|Any CPU.Build.0 = Release|Any CPU
	EndGlobalSection
	GlobalSection(SolutionProperties) = preSolution
		HideSolutionNode = FALSE
	EndGlobalSection
EndGlobal
